
Microsoft Visual Studio Solution File, Format Version 12.00
# Visual Studio Version 16
VisualStudioVersion = 16.0.31402.337
MinimumVisualStudioVersion = 10.0.40219.1
Project("{FAE04EC0-301F-11D3-BF4B-00C04F79EFBC}") = "AlfredCmd", "AlfredCmd\AlfredCmd.csproj", "{F04D5233-15E9-49A5-B9CE-00946A8A39F0}"
EndProject
Project("{FAE04EC0-301F-11D3-BF4B-00C04F79EFBC}") = "GordonEx", "GordonEx\GordonEx.csproj", "{2A0EC7ED-EF45-402F-9352-BB7E9FAAB44A}"
EndProject
Project("{9A19103F-16F7-4668-BE54-9A1E7A4F7556}") = "GordonWebApp", "GordonWebApp\GordonWebApp.csproj", "{7CFA1AFA-32A1-434B-A8AD-3CD9E13D7E0C}"
EndProject
Project("{FAE04EC0-301F-11D3-BF4B-00C04F79EFBC}") = "SQLite", "SQLite\SQLite.csproj", "{7C71234B-4B72-45A0-B9D5-31ECC8E8E8EF}"
EndProject
Global
	GlobalSection(SolutionConfigurationPlatforms) = preSolution
		Debug|Any CPU = Debug|Any CPU
		Release|Any CPU = Release|Any CPU
	EndGlobalSection
	GlobalSection(ProjectConfigurationPlatforms) = postSolution
		{F04D5233-15E9-49A5-B9CE-00946A8A39F0}.Debug|Any CPU.ActiveCfg = Debug|Any CPU
		{F04D5233-15E9-49A5-B9CE-00946A8A39F0}.Debug|Any CPU.Build.0 = Debug|Any CPU
		{F04D5233-15E9-49A5-B9CE-00946A8A39F0}.Release|Any CPU.ActiveCfg = Release|Any CPU
		{F04D5233-15E9-49A5-B9CE-00946A8A39F0}.Release|Any CPU.Build.0 = Release|Any CPU
		{2A0EC7ED-EF45-402F-9352-BB7E9FAAB44A}.Debug|Any CPU.ActiveCfg = Debug|Any CPU
		{2A0EC7ED-EF45-402F-9352-BB7E9FAAB44A}.Debug|Any CPU.Build.0 = Debug|Any CPU
		{2A0EC7ED-EF45-402F-9352-BB7E9FAAB44A}.Release|Any CPU.ActiveCfg = Release|Any CPU
		{2A0EC7ED-EF45-402F-9352-BB7E9FAAB44A}.Release|Any CPU.Build.0 = Release|Any CPU
		{7CFA1AFA-32A1-434B-A8AD-3CD9E13D7E0C}.Debug|Any CPU.ActiveCfg = Debug|Any CPU
		{7CFA1AFA-32A1-434B-A8AD-3CD9E13D7E0C}.Debug|Any CPU.Build.0 = Debug|Any CPU
		{7CFA1AFA-32A1-434B-A8AD-3CD9E13D7E0C}.Release|Any CPU.ActiveCfg = Release|Any CPU
		{7CFA1AFA-32A1-434B-A8AD-3CD9E13D7E0C}.Release|Any CPU.Build.0 = Release|Any CPU
		{7C71234B-4B72-45A0-B9D5-31ECC8E8E8EF}.Debug|Any CPU.ActiveCfg = Debug|Any CPU
		{7C71234B-4B72-45A0-B9D5-31ECC8E8E8EF}.Debug|Any CPU.Build.0 = Debug|Any CPU
		{7C71234B-4B72-45A0-B9D5-31ECC8E8E8EF}.Release|Any CPU.ActiveCfg = Release|Any CPU
		{7C71234B-4B72-45A0-B9D5-31ECC8E8E8EF}.Release|Any CPU.Build.0 = Release|Any CPU
	EndGlobalSection
	GlobalSection(SolutionProperties) = preSolution
		HideSolutionNode = FALSE
	EndGlobalSection
	GlobalSection(ExtensibilityGlobals) = postSolution
		SolutionGuid = {D23138EA-5E53-443C-AA6D-95333D72874C}
	EndGlobalSection
EndGlobal
